
Microsoft Visual Studio Solution File, Format Version 12.00
# Visual Studio 14
VisualStudioVersion = 14.0.25123.0
MinimumVisualStudioVersion = 10.0.40219.1
Project("{FAE04EC0-301F-11D3-BF4B-00C04F79EFBC}") = "ZeroMegaAPI", "ZeroMegaAPI\ZeroMegaAPI.csproj", "{FD1A9565-5A80-440E-BBF0-1F22B3248C4C}"
EndProject
Project("{FAE04EC0-301F-11D3-BF4B-00C04F79EFBC}") = "SASGenerator", "SASGenerator\SASGenerator.csproj", "{0FB8B10D-1811-40C1-822E-00662D06849C}"
EndProject
Global
	GlobalSection(SolutionConfigurationPlatforms) = preSolution
		Debug|Any CPU = Debug|Any CPU
		Release|Any CPU = Release|Any CPU
	EndGlobalSection
	GlobalSection(ProjectConfigurationPlatforms) = postSolution
		{FD1A9565-5A80-440E-BBF0-1F22B3248C4C}.Debug|Any CPU.ActiveCfg = Debug|Any CPU
		{FD1A9565-5A80-440E-BBF0-1F22B3248C4C}.Debug|Any CPU.Build.0 = Debug|Any CPU
		{FD1A9565-5A80-440E-BBF0-1F22B3248C4C}.Release|Any CPU.ActiveCfg = Release|Any CPU
		{FD1A9565-5A80-440E-BBF0-1F22B3248C4C}.Release|Any CPU.Build.0 = Release|Any CPU
		{0FB8B10D-1811-40C1-822E-00662D06849C}.Debug|Any CPU.ActiveCfg = Debug|Any CPU
		{0FB8B10D-1811-40C1-822E-00662D06849C}.Debug|Any CPU.Build.0 = Debug|Any CPU
		{0FB8B10D-1811-40C1-822E-00662D06849C}.Release|Any CPU.ActiveCfg = Release|Any CPU
		{0FB8B10D-1811-40C1-822E-00662D06849C}.Release|Any CPU.Build.0 = Release|Any CPU
	EndGlobalSection
	GlobalSection(SolutionProperties) = preSolution
		HideSolutionNode = FALSE
	EndGlobalSection
	GlobalSection(TeamFoundationVersionControl) = preSolution
		SccNumberOfProjects = 3
		SccEnterpriseProvider = {4CA58AB2-18FA-4F8D-95D4-32DDF27D184C}
		SccTeamFoundationServer = https://allantargino.visualstudio.com/defaultcollection
		SccLocalPath0 = .
		SccProjectUniqueName1 = ZeroMegaAPI\\ZeroMegaAPI.csproj
		SccProjectName1 = ZeroMegaAPI
		SccLocalPath1 = ZeroMegaAPI
		SccProjectUniqueName2 = SASGenerator\\SASGenerator.csproj
		SccProjectName2 = SASGenerator
		SccLocalPath2 = SASGenerator
	EndGlobalSection
EndGlobal
